
Microsoft Visual Studio Solution File, Format Version 12.00
# Visual Studio Version 17
VisualStudioVersion = 17.14.36623.8
MinimumVisualStudioVersion = 10.0.40219.1
Project("{FAE04EC0-301F-11D3-BF4B-00C04F79EFBC}") = "ECommerce.Domain", "ECommerce.Domain\ECommerce.Domain.csproj", "{53866A58-22E6-476D-9A83-54AC921E1F24}"
EndProject
Project("{FAE04EC0-301F-11D3-BF4B-00C04F79EFBC}") = "ECommerce.Application", "ECommerce.Application\ECommerce.Application.csproj", "{D48D09CD-F844-4E42-B9A0-2E8FD7E2DB79}"
EndProject
Global
	GlobalSection(SolutionConfigurationPlatforms) = preSolution
		Debug|Any CPU = Debug|Any CPU
		Release|Any CPU = Release|Any CPU
	EndGlobalSection
	GlobalSection(ProjectConfigurationPlatforms) = postSolution
		{53866A58-22E6-476D-9A83-54AC921E1F24}.Debug|Any CPU.ActiveCfg = Debug|Any CPU
		{53866A58-22E6-476D-9A83-54AC921E1F24}.Debug|Any CPU.Build.0 = Debug|Any CPU
		{53866A58-22E6-476D-9A83-54AC921E1F24}.Release|Any CPU.ActiveCfg = Release|Any CPU
		{53866A58-22E6-476D-9A83-54AC921E1F24}.Release|Any CPU.Build.0 = Release|Any CPU
		{D48D09CD-F844-4E42-B9A0-2E8FD7E2DB79}.Debug|Any CPU.ActiveCfg = Debug|Any CPU
		{D48D09CD-F844-4E42-B9A0-2E8FD7E2DB79}.Debug|Any CPU.Build.0 = Debug|Any CPU
		{D48D09CD-F844-4E42-B9A0-2E8FD7E2DB79}.Release|Any CPU.ActiveCfg = Release|Any CPU
		{D48D09CD-F844-4E42-B9A0-2E8FD7E2DB79}.Release|Any CPU.Build.0 = Release|Any CPU
	EndGlobalSection
	GlobalSection(SolutionProperties) = preSolution
		HideSolutionNode = FALSE
	EndGlobalSection
	GlobalSection(ExtensibilityGlobals) = postSolution
		SolutionGuid = {815E65E2-141A-4E1C-845E-45DC1945EAB7}
	EndGlobalSection
EndGlobal
